
Microsoft Visual Studio Solution File, Format Version 12.00
# Visual Studio Version 16
VisualStudioVersion = 16.0.30114.105
MinimumVisualStudioVersion = 10.0.40219.1
Project("{9A19103F-16F7-4668-BE54-9A1E7A4F7556}") = "HelloMicroservices", "HelloMicroservices\HelloMicroservices.csproj", "{F9B0CFE2-CBFF-4675-A9B3-A25AAF92FEEA}"
EndProject
Project("{9A19103F-16F7-4668-BE54-9A1E7A4F7556}") = "ShoppingCart", "ShoppingCart\ShoppingCart.csproj", "{A412DA17-BC0E-4956-AA4E-BAAB4EA9B452}"
EndProject
Project("{9A19103F-16F7-4668-BE54-9A1E7A4F7556}") = "LoyaltyProgram", "LoyaltyProgram\LoyaltyProgram.csproj", "{3153E7F1-4E7B-467D-9A63-0B6F082EE2B7}"
EndProject
Project("{9A19103F-16F7-4668-BE54-9A1E7A4F7556}") = "APIGateway", "APIGateway\APIGateway.csproj", "{3AB19926-54F4-45E1-B8AB-03D6AF00009E}"
EndProject
Project("{9A19103F-16F7-4668-BE54-9A1E7A4F7556}") = "SpecialOffers", "SpecialOffers\SpecialOffers.csproj", "{CFC27BD0-7E71-4A07-8BC9-9719A820DC7D}"
EndProject
Project("{9A19103F-16F7-4668-BE54-9A1E7A4F7556}") = "LoyaltyProgramEventConsumer", "LoyaltyProgramEventConsumer\LoyaltyProgramEventConsumer.csproj", "{BDB6B7B3-5AF2-4233-B257-44A4D4297922}"
EndProject
Project("{9A19103F-16F7-4668-BE54-9A1E7A4F7556}") = "ProductCatalog", "ProductCatalog\ProductCatalog.csproj", "{9583A412-1966-4521-B1B5-A18D8E42A52F}"
EndProject
Global
	GlobalSection(SolutionConfigurationPlatforms) = preSolution
		Debug|Any CPU = Debug|Any CPU
		Release|Any CPU = Release|Any CPU
	EndGlobalSection
	GlobalSection(ProjectConfigurationPlatforms) = postSolution
		{F9B0CFE2-CBFF-4675-A9B3-A25AAF92FEEA}.Debug|Any CPU.ActiveCfg = Debug|Any CPU
		{F9B0CFE2-CBFF-4675-A9B3-A25AAF92FEEA}.Debug|Any CPU.Build.0 = Debug|Any CPU
		{F9B0CFE2-CBFF-4675-A9B3-A25AAF92FEEA}.Release|Any CPU.ActiveCfg = Release|Any CPU
		{F9B0CFE2-CBFF-4675-A9B3-A25AAF92FEEA}.Release|Any CPU.Build.0 = Release|Any CPU
		{A412DA17-BC0E-4956-AA4E-BAAB4EA9B452}.Debug|Any CPU.ActiveCfg = Debug|Any CPU
		{A412DA17-BC0E-4956-AA4E-BAAB4EA9B452}.Debug|Any CPU.Build.0 = Debug|Any CPU
		{A412DA17-BC0E-4956-AA4E-BAAB4EA9B452}.Release|Any CPU.ActiveCfg = Release|Any CPU
		{A412DA17-BC0E-4956-AA4E-BAAB4EA9B452}.Release|Any CPU.Build.0 = Release|Any CPU
		{3153E7F1-4E7B-467D-9A63-0B6F082EE2B7}.Debug|Any CPU.ActiveCfg = Debug|Any CPU
		{3153E7F1-4E7B-467D-9A63-0B6F082EE2B7}.Debug|Any CPU.Build.0 = Debug|Any CPU
		{3153E7F1-4E7B-467D-9A63-0B6F082EE2B7}.Release|Any CPU.ActiveCfg = Release|Any CPU
		{3153E7F1-4E7B-467D-9A63-0B6F082EE2B7}.Release|Any CPU.Build.0 = Release|Any CPU
		{3AB19926-54F4-45E1-B8AB-03D6AF00009E}.Debug|Any CPU.ActiveCfg = Debug|Any CPU
		{3AB19926-54F4-45E1-B8AB-03D6AF00009E}.Debug|Any CPU.Build.0 = Debug|Any CPU
		{3AB19926-54F4-45E1-B8AB-03D6AF00009E}.Release|Any CPU.ActiveCfg = Release|Any CPU
		{3AB19926-54F4-45E1-B8AB-03D6AF00009E}.Release|Any CPU.Build.0 = Release|Any CPU
		{CFC27BD0-7E71-4A07-8BC9-9719A820DC7D}.Debug|Any CPU.ActiveCfg = Debug|Any CPU
		{CFC27BD0-7E71-4A07-8BC9-9719A820DC7D}.Debug|Any CPU.Build.0 = Debug|Any CPU
		{CFC27BD0-7E71-4A07-8BC9-9719A820DC7D}.Release|Any CPU.ActiveCfg = Release|Any CPU
		{CFC27BD0-7E71-4A07-8BC9-9719A820DC7D}.Release|Any CPU.Build.0 = Release|Any CPU
		{BDB6B7B3-5AF2-4233-B257-44A4D4297922}.Debug|Any CPU.ActiveCfg = Debug|Any CPU
		{BDB6B7B3-5AF2-4233-B257-44A4D4297922}.Debug|Any CPU.Build.0 = Debug|Any CPU
		{BDB6B7B3-5AF2-4233-B257-44A4D4297922}.Release|Any CPU.ActiveCfg = Release|Any CPU
		{BDB6B7B3-5AF2-4233-B257-44A4D4297922}.Release|Any CPU.Build.0 = Release|Any CPU
		{9583A412-1966-4521-B1B5-A18D8E42A52F}.Debug|Any CPU.ActiveCfg = Debug|Any CPU
		{9583A412-1966-4521-B1B5-A18D8E42A52F}.Debug|Any CPU.Build.0 = Debug|Any CPU
		{9583A412-1966-4521-B1B5-A18D8E42A52F}.Release|Any CPU.ActiveCfg = Release|Any CPU
		{9583A412-1966-4521-B1B5-A18D8E42A52F}.Release|Any CPU.Build.0 = Release|Any CPU
	EndGlobalSection
	GlobalSection(SolutionProperties) = preSolution
		HideSolutionNode = FALSE
	EndGlobalSection
	GlobalSection(ExtensibilityGlobals) = postSolution
		SolutionGuid = {8ECDB094-18ED-4418-A3CD-EB33AE0D805D}
	EndGlobalSection
EndGlobal
